// !$*UTF8*$!
{
	archiveVersion = 1;
	classes = {
	};
	objectVersion = 50;
	objects = {

/* Begin PBXBuildFile section */
		148072BD2656DF5000E2873B /* ImageSaver.swift in Sources */ = {isa = PBXBuildFile; fileRef = 148072BC2656DF5000E2873B /* ImageSaver.swift */; };
		148072BF2656F88F00E2873B /* Encoder.swift in Sources */ = {isa = PBXBuildFile; fileRef = 148072BE2656F88F00E2873B /* Encoder.swift */; };
		148072C126571F0600E2873B /* Decoder.swift in Sources */ = {isa = PBXBuildFile; fileRef = 148072C026571F0600E2873B /* Decoder.swift */; };
		7405C26C263B1F97005B3553 /* AppDelegate.swift in Sources */ = {isa = PBXBuildFile; fileRef = 7405C26B263B1F97005B3553 /* AppDelegate.swift */; };
		7405C26E263B1F97005B3553 /* SceneDelegate.swift in Sources */ = {isa = PBXBuildFile; fileRef = 7405C26D263B1F97005B3553 /* SceneDelegate.swift */; };
		7405C270263B1F97005B3553 /* HideViewController.swift in Sources */ = {isa = PBXBuildFile; fileRef = 7405C26F263B1F97005B3553 /* HideViewController.swift */; };
		7405C273263B1F97005B3553 /* Main.storyboard in Resources */ = {isa = PBXBuildFile; fileRef = 7405C271263B1F97005B3553 /* Main.storyboard */; };
		7405C275263B1F9D005B3553 /* Assets.xcassets in Resources */ = {isa = PBXBuildFile; fileRef = 7405C274263B1F9D005B3553 /* Assets.xcassets */; };
		7405C278263B1F9D005B3553 /* LaunchScreen.storyboard in Resources */ = {isa = PBXBuildFile; fileRef = 7405C276263B1F9D005B3553 /* LaunchScreen.storyboard */; };
		743FEF47264CD53A006519C9 /* ShowViewController.swift in Sources */ = {isa = PBXBuildFile; fileRef = 743FEF46264CD53A006519C9 /* ShowViewController.swift */; };
/* End PBXBuildFile section */

/* Begin PBXFileReference section */
		148072BC2656DF5000E2873B /* ImageSaver.swift */ = {isa = PBXFileReference; lastKnownFileType = sourcecode.swift; path = ImageSaver.swift; sourceTree = "<group>"; };
		148072BE2656F88F00E2873B /* Encoder.swift */ = {isa = PBXFileReference; lastKnownFileType = sourcecode.swift; path = Encoder.swift; sourceTree = "<group>"; };
		148072C026571F0600E2873B /* Decoder.swift */ = {isa = PBXFileReference; lastKnownFileType = sourcecode.swift; path = Decoder.swift; sourceTree = "<group>"; };
		7405C268263B1F97005B3553 /* Steganography.app */ = {isa = PBXFileReference; explicitFileType = wrapper.application; includeInIndex = 0; path = Steganography.app; sourceTree = BUILT_PRODUCTS_DIR; };
		7405C26B263B1F97005B3553 /* AppDelegate.swift */ = {isa = PBXFileReference; lastKnownFileType = sourcecode.swift; path = AppDelegate.swift; sourceTree = "<group>"; };
		7405C26D263B1F97005B3553 /* SceneDelegate.swift */ = {isa = PBXFileReference; lastKnownFileType = sourcecode.swift; path = SceneDelegate.swift; sourceTree = "<group>"; };
		7405C26F263B1F97005B3553 /* HideViewController.swift */ = {isa = PBXFileReference; lastKnownFileType = sourcecode.swift; path = HideViewController.swift; sourceTree = "<group>"; };
		7405C272263B1F97005B3553 /* Base */ = {isa = PBXFileReference; lastKnownFileType = file.storyboard; name = Base; path = Base.lproj/Main.storyboard; sourceTree = "<group>"; };
		7405C274263B1F9D005B3553 /* Assets.xcassets */ = {isa = PBXFileReference; lastKnownFileType = folder.assetcatalog; path = Assets.xcassets; sourceTree = "<group>"; };
		7405C277263B1F9D005B3553 /* Base */ = {isa = PBXFileReference; lastKnownFileType = file.storyboard; name = Base; path = Base.lproj/LaunchScreen.storyboard; sourceTree = "<group>"; };
		7405C279263B1F9D005B3553 /* Info.plist */ = {isa = PBXFileReference; lastKnownFileType = text.plist.xml; path = Info.plist; sourceTree = "<group>"; };
		743FEF46264CD53A006519C9 /* ShowViewController.swift */ = {isa = PBXFileReference; lastKnownFileType = sourcecode.swift; path = ShowViewController.swift; sourceTree = "<group>"; };
/* End PBXFileReference section */

/* Begin PBXFrameworksBuildPhase section */
		7405C265263B1F97005B3553 /* Frameworks */ = {
			isa = PBXFrameworksBuildPhase;
			buildActionMask = 2147483647;
			files = (
			);
			runOnlyForDeploymentPostprocessing = 0;
		};
/* End PBXFrameworksBuildPhase section */

/* Begin PBXGroup section */
		7405C25F263B1F97005B3553 = {
			isa = PBXGroup;
			children = (
				7405C26A263B1F97005B3553 /* Steganography */,
				7405C269263B1F97005B3553 /* Products */,
			);
			sourceTree = "<group>";
		};
		7405C269263B1F97005B3553 /* Products */ = {
			isa = PBXGroup;
			children = (
				7405C268263B1F97005B3553 /* Steganography.app */,
			);
			name = Products;
			sourceTree = "<group>";
		};
		7405C26A263B1F97005B3553 /* Steganography */ = {
			isa = PBXGroup;
			children = (
				7405C26B263B1F97005B3553 /* AppDelegate.swift */,
				7405C26D263B1F97005B3553 /* SceneDelegate.swift */,
				7405C26F263B1F97005B3553 /* HideViewController.swift */,
				743FEF46264CD53A006519C9 /* ShowViewController.swift */,
				7405C271263B1F97005B3553 /* Main.storyboard */,
				7405C274263B1F9D005B3553 /* Assets.xcassets */,
				7405C276263B1F9D005B3553 /* LaunchScreen.storyboard */,
				7405C279263B1F9D005B3553 /* Info.plist */,
				148072BC2656DF5000E2873B /* ImageSaver.swift */,
				148072BE2656F88F00E2873B /* Encoder.swift */,
				148072C026571F0600E2873B /* Decoder.swift */,
			);
			path = Steganography;
			sourceTree = "<group>";
		};
/* End PBXGroup section */

/* Begin PBXNativeTarget section */
		7405C267263B1F97005B3553 /* Steganography */ = {
			isa = PBXNativeTarget;
			buildConfigurationList = 7405C27C263B1F9D005B3553 /* Build configuration list for PBXNativeTarget "Steganography" */;
			buildPhases = (
				7405C264263B1F97005B3553 /* Sources */,
				7405C265263B1F97005B3553 /* Frameworks */,
				7405C266263B1F97005B3553 /* Resources */,
			);
			buildRules = (
			);
			dependencies = (
			);
			name = Steganography;
			packageProductDependencies = (
			);
			productName = Steganography;
			productReference = 7405C268263B1F97005B3553 /* Steganography.app */;
			productType = "com.apple.product-type.application";
		};
/* End PBXNativeTarget section */

/* Begin PBXProject section */
		7405C260263B1F97005B3553 /* Project object */ = {
			isa = PBXProject;
			attributes = {
				LastSwiftUpdateCheck = 1250;
				LastUpgradeCheck = 1250;
				TargetAttributes = {
					7405C267263B1F97005B3553 = {
						CreatedOnToolsVersion = 12.5;
					};
				};
			};
			buildConfigurationList = 7405C263263B1F97005B3553 /* Build configuration list for PBXProject "Steganography" */;
			compatibilityVersion = "Xcode 9.3";
			developmentRegion = en;
			hasScannedForEncodings = 0;
			knownRegions = (
				en,
				Base,
			);
			mainGroup = 7405C25F263B1F97005B3553;
			packageReferences = (
			);
			productRefGroup = 7405C269263B1F97005B3553 /* Products */;
			projectDirPath = "";
			projectRoot = "";
			targets = (
				7405C267263B1F97005B3553 /* Steganography */,
			);
		};
/* End PBXProject section */

/* Begin PBXResourcesBuildPhase section */
		7405C266263B1F97005B3553 /* Resources */ = {
			isa = PBXResourcesBuildPhase;
			buildActionMask = 2147483647;
			files = (
				7405C278263B1F9D005B3553 /* LaunchScreen.storyboard in Resources */,
				7405C275263B1F9D005B3553 /* Assets.xcassets in Resources */,
				7405C273263B1F97005B3553 /* Main.storyboard in Resources */,
			);
			runOnlyForDeploymentPostprocessing = 0;
		};
/* End PBXResourcesBuildPhase section */

/* Begin PBXSourcesBuildPhase section */
		7405C264263B1F97005B3553 /* Sources */ = {
			isa = PBXSourcesBuildPhase;
			buildActionMask = 2147483647;
			files = (
				7405C270263B1F97005B3553 /* HideViewController.swift in Sources */,
				7405C26C263B1F97005B3553 /* AppDelegate.swift in Sources */,
				148072BF2656F88F00E2873B /* Encoder.swift in Sources */,
				148072BD2656DF5000E2873B /* ImageSaver.swift in Sources */,
				148072C126571F0600E2873B /* Decoder.swift in Sources */,
				7405C26E263B1F97005B3553 /* SceneDelegate.swift in Sources */,
				743FEF47264CD53A006519C9 /* ShowViewController.swift in Sources */,
			);
			runOnlyForDeploymentPostprocessing = 0;
		};
/* End PBXSourcesBuildPhase section */

/* Begin PBXVariantGroup section */
		7405C271263B1F97005B3553 /* Main.storyboard */ = {
			isa = PBXVariantGroup;
			children = (
				7405C272263B1F97005B3553 /* Base */,
			);
			name = Main.storyboard;
			sourceTree = "<group>";
		};
		7405C276263B1F9D005B3553 /* LaunchScreen.storyboard */ = {
			isa = PBXVariantGroup;
			children = (
				7405C277263B1F9D005B3553 /* Base */,
			);
			name = LaunchScreen.storyboard;
			sourceTree = "<group>";
		};
/* End PBXVariantGroup section */

/* Begin XCBuildConfiguration section */
		7405C27A263B1F9D005B3553 /* Debug */ = {
			isa = XCBuildConfiguration;
			buildSettings = {
				ALWAYS_SEARCH_USER_PATHS = NO;
				CLANG_ANALYZER_NONNULL = YES;
				CLANG_ANALYZER_NUMBER_OBJECT_CONVERSION = YES_AGGRESSIVE;
				CLANG_CXX_LANGUAGE_STANDARD = "gnu++14";
				CLANG_CXX_LIBRARY = "libc++";
				CLANG_ENABLE_MODULES = YES;
				CLANG_ENABLE_OBJC_ARC = YES;
				CLANG_ENABLE_OBJC_WEAK = YES;
				CLANG_WARN_BLOCK_CAPTURE_AUTORELEASING = YES;
				CLANG_WARN_BOOL_CONVERSION = YES;
				CLANG_WARN_COMMA = YES;
				CLANG_WARN_CONSTANT_CONVERSION = YES;
				CLANG_WARN_DEPRECATED_OBJC_IMPLEMENTATIONS = YES;
				CLANG_WARN_DIRECT_OBJC_ISA_USAGE = YES_ERROR;
				CLANG_WARN_DOCUMENTATION_COMMENTS = YES;
				CLANG_WARN_EMPTY_BODY = YES;
				CLANG_WARN_ENUM_CONVERSION = YES;
				CLANG_WARN_INFINITE_RECURSION = YES;
				CLANG_WARN_INT_CONVERSION = YES;
				CLANG_WARN_NON_LITERAL_NULL_CONVERSION = YES;
				CLANG_WARN_OBJC_IMPLICIT_RETAIN_SELF = YES;
				CLANG_WARN_OBJC_LITERAL_CONVERSION = YES;
				CLANG_WARN_OBJC_ROOT_CLASS = YES_ERROR;
				CLANG_WARN_QUOTED_INCLUDE_IN_FRAMEWORK_HEADER = YES;
				CLANG_WARN_RANGE_LOOP_ANALYSIS = YES;
				CLANG_WARN_STRICT_PROTOTYPES = YES;
				CLANG_WARN_SUSPICIOUS_MOVE = YES;
				CLANG_WARN_UNGUARDED_AVAILABILITY = YES_AGGRESSIVE;
				CLANG_WARN_UNREACHABLE_CODE = YES;
				CLANG_WARN__DUPLICATE_METHOD_MATCH = YES;
				COPY_PHASE_STRIP = NO;
				DEBUG_INFORMATION_FORMAT = dwarf;
				ENABLE_STRICT_OBJC_MSGSEND = YES;
				ENABLE_TESTABILITY = YES;
				GCC_C_LANGUAGE_STANDARD = gnu11;
				GCC_DYNAMIC_NO_PIC = NO;
				GCC_NO_COMMON_BLOCKS = YES;
				GCC_OPTIMIZATION_LEVEL = 0;
				GCC_PREPROCESSOR_DEFINITIONS = (
					"DEBUG=1",
					"$(inherited)",
				);
				GCC_WARN_64_TO_32_BIT_CONVERSION = YES;
				GCC_WARN_ABOUT_RETURN_TYPE = YES_ERROR;
				GCC_WARN_UNDECLARED_SELECTOR = YES;
				GCC_WARN_UNINITIALIZED_AUTOS = YES_AGGRESSIVE;
				GCC_WARN_UNUSED_FUNCTION = YES;
				GCC_WARN_UNUSED_VARIABLE = YES;
				IPHONEOS_DEPLOYMENT_TARGET = 14.5;
				MTL_ENABLE_DEBUG_INFO = INCLUDE_SOURCE;
				MTL_FAST_MATH = YES;
				ONLY_ACTIVE_ARCH = YES;
				SDKROOT = iphoneos;
				SWIFT_ACTIVE_COMPILATION_CONDITIONS = DEBUG;
				SWIFT_OPTIMIZATION_LEVEL = "-Onone";
			};
			name = Debug;
		};
		7405C27B263B1F9D005B3553 /* Release */ = {
			isa = XCBuildConfiguration;
			buildSettings = {
				ALWAYS_SEARCH_USER_PATHS = NO;
				CLANG_ANALYZER_NONNULL = YES;
				CLANG_ANALYZER_NUMBER_OBJECT_CONVERSION = YES_AGGRESSIVE;
				CLANG_CXX_LANGUAGE_STANDARD = "gnu++14";
				CLANG_CXX_LIBRARY = "libc++";
				CLANG_ENABLE_MODULES = YES;
				CLANG_ENABLE_OBJC_ARC = YES;
				CLANG_ENABLE_OBJC_WEAK = YES;
				CLANG_WARN_BLOCK_CAPTURE_AUTORELEASING = YES;
				CLANG_WARN_BOOL_CONVERSION = YES;
				CLANG_WARN_COMMA = YES;
				CLANG_WARN_CONSTANT_CONVERSION = YES;
				CLANG_WARN_DEPRECATED_OBJC_IMPLEMENTATIONS = YES;
				CLANG_WARN_DIRECT_OBJC_ISA_USAGE = YES_ERROR;
				CLANG_WARN_DOCUMENTATION_COMMENTS = YES;
				CLANG_WARN_EMPTY_BODY = YES;
				CLANG_WARN_ENUM_CONVERSION = YES;
				CLANG_WARN_INFINITE_RECURSION = YES;
				CLANG_WARN_INT_CONVERSION = YES;
				CLANG_WARN_NON_LITERAL_NULL_CONVERSION = YES;
				CLANG_WARN_OBJC_IMPLICIT_RETAIN_SELF = YES;
				CLANG_WARN_OBJC_LITERAL_CONVERSION = YES;
				CLANG_WARN_OBJC_ROOT_CLASS = YES_ERROR;
				CLANG_WARN_QUOTED_INCLUDE_IN_FRAMEWORK_HEADER = YES;
				CLANG_WARN_RANGE_LOOP_ANALYSIS = YES;
				CLANG_WARN_STRICT_PROTOTYPES = YES;
				CLANG_WARN_SUSPICIOUS_MOVE = YES;
				CLANG_WARN_UNGUARDED_AVAILABILITY = YES_AGGRESSIVE;
				CLANG_WARN_UNREACHABLE_CODE = YES;
				CLANG_WARN__DUPLICATE_METHOD_MATCH = YES;
				COPY_PHASE_STRIP = NO;
				DEBUG_INFORMATION_FORMAT = "dwarf-with-dsym";
				ENABLE_NS_ASSERTIONS = NO;
				ENABLE_STRICT_OBJC_MSGSEND = YES;
				GCC_C_LANGUAGE_STANDARD = gnu11;
				GCC_NO_COMMON_BLOCKS = YES;
				GCC_WARN_64_TO_32_BIT_CONVERSION = YES;
				GCC_WARN_ABOUT_RETURN_TYPE = YES_ERROR;
				GCC_WARN_UNDECLARED_SELECTOR = YES;
				GCC_WARN_UNINITIALIZED_AUTOS = YES_AGGRESSIVE;
				GCC_WARN_UNUSED_FUNCTION = YES;
				GCC_WARN_UNUSED_VARIABLE = YES;
				IPHONEOS_DEPLOYMENT_TARGET = 14.5;
				MTL_ENABLE_DEBUG_INFO = NO;
				MTL_FAST_MATH = YES;
				SDKROOT = iphoneos;
				SWIFT_COMPILATION_MODE = wholemodule;
				SWIFT_OPTIMIZATION_LEVEL = "-O";
				VALIDATE_PRODUCT = YES;
			};
			name = Release;
		};
		7405C27D263B1F9D005B3553 /* Debug */ = {
			isa = XCBuildConfiguration;
			buildSettings = {
				ASSETCATALOG_COMPILER_APPICON_NAME = AppIcon;
				ASSETCATALOG_COMPILER_GLOBAL_ACCENT_COLOR_NAME = AccentColor;
				CODE_SIGN_STYLE = Automatic;
				DEVELOPMENT_TEAM = 6DS64ZKFJ4;
				INFOPLIST_FILE = Steganography/Info.plist;
				LD_RUNPATH_SEARCH_PATHS = (
					"$(inherited)",
					"@executable_path/Frameworks",
				);
				PRODUCT_BUNDLE_IDENTIFIER = com.sroman98.Steganography;
				PRODUCT_NAME = "$(TARGET_NAME)";
				SWIFT_VERSION = 5.0;
				TARGETED_DEVICE_FAMILY = 1;
			};
			name = Debug;
		};
		7405C27E263B1F9D005B3553 /* Release */ = {
			isa = XCBuildConfiguration;
			buildSettings = {
				ASSETCATALOG_COMPILER_APPICON_NAME = AppIcon;
				ASSETCATALOG_COMPILER_GLOBAL_ACCENT_COLOR_NAME = AccentColor;
				CODE_SIGN_STYLE = Automatic;
				DEVELOPMENT_TEAM = 6DS64ZKFJ4;
				INFOPLIST_FILE = Steganography/Info.plist;
				LD_RUNPATH_SEARCH_PATHS = (
					"$(inherited)",
					"@executable_path/Frameworks",
				);
				PRODUCT_BUNDLE_IDENTIFIER = com.sroman98.Steganography;
				PRODUCT_NAME = "$(TARGET_NAME)";
				SWIFT_VERSION = 5.0;
				TARGETED_DEVICE_FAMILY = 1;
			};
			name = Release;
		};
/* End XCBuildConfiguration section */

/* Begin XCConfigurationList section */
		7405C263263B1F97005B3553 /* Build configuration list for PBXProject "Steganography" */ = {
			isa = XCConfigurationList;
			buildConfigurations = (
				7405C27A263B1F9D005B3553 /* Debug */,
				7405C27B263B1F9D005B3553 /* Release */,
			);
			defaultConfigurationIsVisible = 0;
			defaultConfigurationName = Release;
		};
		7405C27C263B1F9D005B3553 /* Build configuration list for PBXNativeTarget "Steganography" */ = {
			isa = XCConfigurationList;
			buildConfigurations = (
				7405C27D263B1F9D005B3553 /* Debug */,
				7405C27E263B1F9D005B3553 /* Release */,
			);
			defaultConfigurationIsVisible = 0;
			defaultConfigurationName = Release;
		};
/* End XCConfigurationList section */
	};
	rootObject = 7405C260263B1F97005B3553 /* Project object */;
}
